
Microsoft Visual Studio Solution File, Format Version 12.00
# Visual Studio Version 17
VisualStudioVersion = 17.9.34728.123
MinimumVisualStudioVersion = 10.0.40219.1
Project("{9A19103F-16F7-4668-BE54-9A1E7A4F7556}") = "BulkyWeb", "BulkyWeb\BulkyWeb.csproj", "{7855E312-D34D-4DB7-97FD-75FBE0A64B03}"
EndProject
Project("{FAE04EC0-301F-11D3-BF4B-00C04F79EFBC}") = "Bulky.Models", "Bulky.Models\Bulky.Models.csproj", "{E2355E47-9185-4A2A-BF5E-79B89AD5112E}"
EndProject
Project("{FAE04EC0-301F-11D3-BF4B-00C04F79EFBC}") = "Bulky.Utility", "Bulky.Utility\Bulky.Utility.csproj", "{8741AACB-7253-4003-9F71-DDF72F128EC1}"
EndProject
Project("{FAE04EC0-301F-11D3-BF4B-00C04F79EFBC}") = "Bulky.DataAccess", "Bulky.DataAccess\Bulky.DataAccess.csproj", "{25D4E341-B099-4EDF-9B62-2F31C0F8E145}"
EndProject
Global
	GlobalSection(SolutionConfigurationPlatforms) = preSolution
		Debug|Any CPU = Debug|Any CPU
		Release|Any CPU = Release|Any CPU
	EndGlobalSection
	GlobalSection(ProjectConfigurationPlatforms) = postSolution
		{7855E312-D34D-4DB7-97FD-75FBE0A64B03}.Debug|Any CPU.ActiveCfg = Debug|Any CPU
		{7855E312-D34D-4DB7-97FD-75FBE0A64B03}.Debug|Any CPU.Build.0 = Debug|Any CPU
		{7855E312-D34D-4DB7-97FD-75FBE0A64B03}.Release|Any CPU.ActiveCfg = Release|Any CPU
		{7855E312-D34D-4DB7-97FD-75FBE0A64B03}.Release|Any CPU.Build.0 = Release|Any CPU
		{E2355E47-9185-4A2A-BF5E-79B89AD5112E}.Debug|Any CPU.ActiveCfg = Debug|Any CPU
		{E2355E47-9185-4A2A-BF5E-79B89AD5112E}.Debug|Any CPU.Build.0 = Debug|Any CPU
		{E2355E47-9185-4A2A-BF5E-79B89AD5112E}.Release|Any CPU.ActiveCfg = Release|Any CPU
		{E2355E47-9185-4A2A-BF5E-79B89AD5112E}.Release|Any CPU.Build.0 = Release|Any CPU
		{8741AACB-7253-4003-9F71-DDF72F128EC1}.Debug|Any CPU.ActiveCfg = Debug|Any CPU
		{8741AACB-7253-4003-9F71-DDF72F128EC1}.Debug|Any CPU.Build.0 = Debug|Any CPU
		{8741AACB-7253-4003-9F71-DDF72F128EC1}.Release|Any CPU.ActiveCfg = Release|Any CPU
		{8741AACB-7253-4003-9F71-DDF72F128EC1}.Release|Any CPU.Build.0 = Release|Any CPU
		{25D4E341-B099-4EDF-9B62-2F31C0F8E145}.Debug|Any CPU.ActiveCfg = Debug|Any CPU
		{25D4E341-B099-4EDF-9B62-2F31C0F8E145}.Debug|Any CPU.Build.0 = Debug|Any CPU
		{25D4E341-B099-4EDF-9B62-2F31C0F8E145}.Release|Any CPU.ActiveCfg = Release|Any CPU
		{25D4E341-B099-4EDF-9B62-2F31C0F8E145}.Release|Any CPU.Build.0 = Release|Any CPU
	EndGlobalSection
	GlobalSection(SolutionProperties) = preSolution
		HideSolutionNode = FALSE
	EndGlobalSection
	GlobalSection(ExtensibilityGlobals) = postSolution
		SolutionGuid = {28D75EF1-E91E-4E58-88B6-0AE737FD499D}
	EndGlobalSection
EndGlobal
